
Microsoft Visual Studio Solution File, Format Version 12.00
# Visual Studio 2013
VisualStudioVersion = 12.0.40629.0
MinimumVisualStudioVersion = 10.0.40219.1
Project("{2150E333-8FDC-42A3-9474-1A3956D46DE8}") = "Solution Items", "Solution Items", "{22DE3154-F72F-44CC-9396-FD9A3A1F12CC}"
	ProjectSection(SolutionItems) = preProject
		version.targets = version.targets
		version.txt = version.txt
	EndProjectSection
EndProject
Project("{8BC9CEB8-8B4A-11D0-8D11-00A0C91BC942}") = "hsflowd", "hsflowd\hsflowd.vcxproj", "{ED47BEBF-8BCE-4C98-87D8-482330C4D300}"
EndProject
Project("{8BC9CEB8-8B4A-11D0-8D11-00A0C91BC942}") = "installHelper", "installHelper\installHelper.vcxproj", "{8D65F824-868E-4B10-B567-4258149F49B8}"
EndProject
Project("{8BC9CEB8-8B4A-11D0-8D11-00A0C91BC942}") = "installer", "installer\installer.vcxproj", "{9E50D21F-CB47-4871-AF2C-1D557A7DC075}"
EndProject
Global
	GlobalSection(SubversionScc) = preSolution
		Svn-Managed = True
		Manager = AnkhSVN - Subversion Support for Visual Studio
	EndGlobalSection
	GlobalSection(SolutionConfigurationPlatforms) = preSolution
		Debug|Mixed Platforms = Debug|Mixed Platforms
		Debug|Win32 = Debug|Win32
		Debug|x64 = Debug|x64
		Debug|x86 = Debug|x86
		Release|Mixed Platforms = Release|Mixed Platforms
		Release|Win32 = Release|Win32
		Release|x64 = Release|x64
		Release|x86 = Release|x86
		win|Mixed Platforms = win|Mixed Platforms
		win|Win32 = win|Win32
		win|x64 = win|x64
		win|x86 = win|x86
		win-debug|Mixed Platforms = win-debug|Mixed Platforms
		win-debug|Win32 = win-debug|Win32
		win-debug|x64 = win-debug|x64
		win-debug|x86 = win-debug|x86
	EndGlobalSection
	GlobalSection(ProjectConfigurationPlatforms) = postSolution
		{ED47BEBF-8BCE-4C98-87D8-482330C4D300}.Debug|Mixed Platforms.ActiveCfg = Debug|Win32
		{ED47BEBF-8BCE-4C98-87D8-482330C4D300}.Debug|Mixed Platforms.Build.0 = Debug|Win32
		{ED47BEBF-8BCE-4C98-87D8-482330C4D300}.Debug|Win32.ActiveCfg = Debug|Win32
		{ED47BEBF-8BCE-4C98-87D8-482330C4D300}.Debug|Win32.Build.0 = Debug|Win32
		{ED47BEBF-8BCE-4C98-87D8-482330C4D300}.Debug|x64.ActiveCfg = Debug|x64
		{ED47BEBF-8BCE-4C98-87D8-482330C4D300}.Debug|x64.Build.0 = Debug|x64
		{ED47BEBF-8BCE-4C98-87D8-482330C4D300}.Debug|x86.ActiveCfg = Debug|Win32
		{ED47BEBF-8BCE-4C98-87D8-482330C4D300}.Debug|x86.Build.0 = Debug|Win32
		{ED47BEBF-8BCE-4C98-87D8-482330C4D300}.Release|Mixed Platforms.ActiveCfg = Release|Win32
		{ED47BEBF-8BCE-4C98-87D8-482330C4D300}.Release|Mixed Platforms.Build.0 = Release|Win32
		{ED47BEBF-8BCE-4C98-87D8-482330C4D300}.Release|Win32.ActiveCfg = Release|Win32
		{ED47BEBF-8BCE-4C98-87D8-482330C4D300}.Release|Win32.Build.0 = Release|Win32
		{ED47BEBF-8BCE-4C98-87D8-482330C4D300}.Release|x64.ActiveCfg = Release|x64
		{ED47BEBF-8BCE-4C98-87D8-482330C4D300}.Release|x64.Build.0 = Release|x64
		{ED47BEBF-8BCE-4C98-87D8-482330C4D300}.Release|x86.ActiveCfg = Release|Win32
		{ED47BEBF-8BCE-4C98-87D8-482330C4D300}.Release|x86.Build.0 = Release|Win32
		{ED47BEBF-8BCE-4C98-87D8-482330C4D300}.win|Mixed Platforms.ActiveCfg = Release|Win32
		{ED47BEBF-8BCE-4C98-87D8-482330C4D300}.win|Mixed Platforms.Build.0 = Release|Win32
		{ED47BEBF-8BCE-4C98-87D8-482330C4D300}.win|Win32.ActiveCfg = Release|Win32
		{ED47BEBF-8BCE-4C98-87D8-482330C4D300}.win|Win32.Build.0 = Release|Win32
		{ED47BEBF-8BCE-4C98-87D8-482330C4D300}.win|x64.ActiveCfg = Release|x64
		{ED47BEBF-8BCE-4C98-87D8-482330C4D300}.win|x64.Build.0 = Release|x64
		{ED47BEBF-8BCE-4C98-87D8-482330C4D300}.win|x86.ActiveCfg = Release|Win32
		{ED47BEBF-8BCE-4C98-87D8-482330C4D300}.win|x86.Build.0 = Release|Win32
		{ED47BEBF-8BCE-4C98-87D8-482330C4D300}.win-debug|Mixed Platforms.ActiveCfg = Release|Win32
		{ED47BEBF-8BCE-4C98-87D8-482330C4D300}.win-debug|Mixed Platforms.Build.0 = Release|Win32
		{ED47BEBF-8BCE-4C98-87D8-482330C4D300}.win-debug|Win32.ActiveCfg = Release|Win32
		{ED47BEBF-8BCE-4C98-87D8-482330C4D300}.win-debug|Win32.Build.0 = Release|Win32
		{ED47BEBF-8BCE-4C98-87D8-482330C4D300}.win-debug|x64.ActiveCfg = Release|x64
		{ED47BEBF-8BCE-4C98-87D8-482330C4D300}.win-debug|x64.Build.0 = Release|x64
		{ED47BEBF-8BCE-4C98-87D8-482330C4D300}.win-debug|x86.ActiveCfg = Release|Win32
		{ED47BEBF-8BCE-4C98-87D8-482330C4D300}.win-debug|x86.Build.0 = Release|Win32
		{8D65F824-868E-4B10-B567-4258149F49B8}.Debug|Mixed Platforms.ActiveCfg = Debug|Win32
		{8D65F824-868E-4B10-B567-4258149F49B8}.Debug|Mixed Platforms.Build.0 = Debug|Win32
		{8D65F824-868E-4B10-B567-4258149F49B8}.Debug|Win32.ActiveCfg = Debug|Win32
		{8D65F824-868E-4B10-B567-4258149F49B8}.Debug|Win32.Build.0 = Debug|Win32
		{8D65F824-868E-4B10-B567-4258149F49B8}.Debug|x64.ActiveCfg = Debug|x64
		{8D65F824-868E-4B10-B567-4258149F49B8}.Debug|x64.Build.0 = Debug|x64
		{8D65F824-868E-4B10-B567-4258149F49B8}.Debug|x86.ActiveCfg = Debug|Win32
		{8D65F824-868E-4B10-B567-4258149F49B8}.Debug|x86.Build.0 = Debug|Win32
		{8D65F824-868E-4B10-B567-4258149F49B8}.Release|Mixed Platforms.ActiveCfg = Release|Win32
		{8D65F824-868E-4B10-B567-4258149F49B8}.Release|Mixed Platforms.Build.0 = Release|Win32
		{8D65F824-868E-4B10-B567-4258149F49B8}.Release|Win32.ActiveCfg = Release|Win32
		{8D65F824-868E-4B10-B567-4258149F49B8}.Release|Win32.Build.0 = Release|Win32
		{8D65F824-868E-4B10-B567-4258149F49B8}.Release|x64.ActiveCfg = Release|x64
		{8D65F824-868E-4B10-B567-4258149F49B8}.Release|x64.Build.0 = Release|x64
		{8D65F824-868E-4B10-B567-4258149F49B8}.Release|x86.ActiveCfg = Release|Win32
		{8D65F824-868E-4B10-B567-4258149F49B8}.Release|x86.Build.0 = Release|Win32
		{8D65F824-868E-4B10-B567-4258149F49B8}.win|Mixed Platforms.ActiveCfg = Release|Win32
		{8D65F824-868E-4B10-B567-4258149F49B8}.win|Mixed Platforms.Build.0 = Release|Win32
		{8D65F824-868E-4B10-B567-4258149F49B8}.win|Win32.ActiveCfg = Release|Win32
		{8D65F824-868E-4B10-B567-4258149F49B8}.win|Win32.Build.0 = Release|Win32
		{8D65F824-868E-4B10-B567-4258149F49B8}.win|x64.ActiveCfg = Release|x64
		{8D65F824-868E-4B10-B567-4258149F49B8}.win|x64.Build.0 = Release|x64
		{8D65F824-868E-4B10-B567-4258149F49B8}.win|x86.ActiveCfg = Release|Win32
		{8D65F824-868E-4B10-B567-4258149F49B8}.win|x86.Build.0 = Release|Win32
		{8D65F824-868E-4B10-B567-4258149F49B8}.win-debug|Mixed Platforms.ActiveCfg = Release|Win32
		{8D65F824-868E-4B10-B567-4258149F49B8}.win-debug|Mixed Platforms.Build.0 = Release|Win32
		{8D65F824-868E-4B10-B567-4258149F49B8}.win-debug|Win32.ActiveCfg = Release|Win32
		{8D65F824-868E-4B10-B567-4258149F49B8}.win-debug|Win32.Build.0 = Release|Win32
		{8D65F824-868E-4B10-B567-4258149F49B8}.win-debug|x64.ActiveCfg = Release|x64
		{8D65F824-868E-4B10-B567-4258149F49B8}.win-debug|x64.Build.0 = Release|x64
		{8D65F824-868E-4B10-B567-4258149F49B8}.win-debug|x86.ActiveCfg = Release|Win32
		{8D65F824-868E-4B10-B567-4258149F49B8}.win-debug|x86.Build.0 = Release|Win32
		{9E50D21F-CB47-4871-AF2C-1D557A7DC075}.Debug|Mixed Platforms.ActiveCfg = win|Win32
		{9E50D21F-CB47-4871-AF2C-1D557A7DC075}.Debug|Mixed Platforms.Build.0 = win|Win32
		{9E50D21F-CB47-4871-AF2C-1D557A7DC075}.Debug|Win32.ActiveCfg = win|Win32
		{9E50D21F-CB47-4871-AF2C-1D557A7DC075}.Debug|Win32.Build.0 = win|Win32
		{9E50D21F-CB47-4871-AF2C-1D557A7DC075}.Debug|x64.ActiveCfg = win-debug|x64
		{9E50D21F-CB47-4871-AF2C-1D557A7DC075}.Debug|x64.Build.0 = win-debug|x64
		{9E50D21F-CB47-4871-AF2C-1D557A7DC075}.Debug|x86.ActiveCfg = win|Win32
		{9E50D21F-CB47-4871-AF2C-1D557A7DC075}.Debug|x86.Build.0 = win|Win32
		{9E50D21F-CB47-4871-AF2C-1D557A7DC075}.Release|Mixed Platforms.ActiveCfg = win|Win32
		{9E50D21F-CB47-4871-AF2C-1D557A7DC075}.Release|Mixed Platforms.Build.0 = win|Win32
		{9E50D21F-CB47-4871-AF2C-1D557A7DC075}.Release|Win32.ActiveCfg = win|Win32
		{9E50D21F-CB47-4871-AF2C-1D557A7DC075}.Release|Win32.Build.0 = win|Win32
		{9E50D21F-CB47-4871-AF2C-1D557A7DC075}.Release|x64.ActiveCfg = win-debug|x64
		{9E50D21F-CB47-4871-AF2C-1D557A7DC075}.Release|x64.Build.0 = win-debug|x64
		{9E50D21F-CB47-4871-AF2C-1D557A7DC075}.Release|x86.ActiveCfg = win|Win32
		{9E50D21F-CB47-4871-AF2C-1D557A7DC075}.Release|x86.Build.0 = win|Win32
		{9E50D21F-CB47-4871-AF2C-1D557A7DC075}.win|Mixed Platforms.ActiveCfg = win|Win32
		{9E50D21F-CB47-4871-AF2C-1D557A7DC075}.win|Mixed Platforms.Build.0 = win|Win32
		{9E50D21F-CB47-4871-AF2C-1D557A7DC075}.win|Win32.ActiveCfg = win|Win32
		{9E50D21F-CB47-4871-AF2C-1D557A7DC075}.win|Win32.Build.0 = win|Win32
		{9E50D21F-CB47-4871-AF2C-1D557A7DC075}.win|x64.ActiveCfg = win|x64
		{9E50D21F-CB47-4871-AF2C-1D557A7DC075}.win|x64.Build.0 = win|x64
		{9E50D21F-CB47-4871-AF2C-1D557A7DC075}.win|x86.ActiveCfg = win|Win32
		{9E50D21F-CB47-4871-AF2C-1D557A7DC075}.win|x86.Build.0 = win|Win32
		{9E50D21F-CB47-4871-AF2C-1D557A7DC075}.win-debug|Mixed Platforms.ActiveCfg = win-debug|Win32
		{9E50D21F-CB47-4871-AF2C-1D557A7DC075}.win-debug|Mixed Platforms.Build.0 = win-debug|Win32
		{9E50D21F-CB47-4871-AF2C-1D557A7DC075}.win-debug|Win32.ActiveCfg = win-debug|Win32
		{9E50D21F-CB47-4871-AF2C-1D557A7DC075}.win-debug|Win32.Build.0 = win-debug|Win32
		{9E50D21F-CB47-4871-AF2C-1D557A7DC075}.win-debug|x64.ActiveCfg = win-debug|x64
		{9E50D21F-CB47-4871-AF2C-1D557A7DC075}.win-debug|x64.Build.0 = win-debug|x64
		{9E50D21F-CB47-4871-AF2C-1D557A7DC075}.win-debug|x86.ActiveCfg = win-debug|Win32
		{9E50D21F-CB47-4871-AF2C-1D557A7DC075}.win-debug|x86.Build.0 = win-debug|Win32
	EndGlobalSection
	GlobalSection(SolutionProperties) = preSolution
		HideSolutionNode = FALSE
	EndGlobalSection
EndGlobal
